
Microsoft Visual Studio Solution File, Format Version 12.00
# Visual Studio Version 17
VisualStudioVersion = 17.8.34322.80
MinimumVisualStudioVersion = 10.0.40219.1
Project("{FAE04EC0-301F-11D3-BF4B-00C04F79EFBC}") = "Phantom GTAG", "Phantom GTAG\Phantom GTAG.csproj", "{FBDF47BA-B6E0-4B33-A742-C0C4AA25DA10}"
EndProject
Global
	GlobalSection(SolutionConfigurationPlatforms) = preSolution
		Debug|Any CPU = Debug|Any CPU
		Release|Any CPU = Release|Any CPU
	EndGlobalSection
	GlobalSection(ProjectConfigurationPlatforms) = postSolution
		{FBDF47BA-B6E0-4B33-A742-C0C4AA25DA10}.Debug|Any CPU.ActiveCfg = Debug|Any CPU
		{FBDF47BA-B6E0-4B33-A742-C0C4AA25DA10}.Debug|Any CPU.Build.0 = Debug|Any CPU
		{FBDF47BA-B6E0-4B33-A742-C0C4AA25DA10}.Release|Any CPU.ActiveCfg = Release|Any CPU
		{FBDF47BA-B6E0-4B33-A742-C0C4AA25DA10}.Release|Any CPU.Build.0 = Release|Any CPU
	EndGlobalSection
	GlobalSection(SolutionProperties) = preSolution
		HideSolutionNode = FALSE
	EndGlobalSection
	GlobalSection(ExtensibilityGlobals) = postSolution
		SolutionGuid = {7B92275D-09CA-44A3-9429-C79729CA4EA1}
	EndGlobalSection
EndGlobal
